// !$*UTF8*$!
{
	archiveVersion = 1;
	classes = {
	};
	objectVersion = 46;
	objects = {

/* Begin PBXBuildFile section */
		D748FAD91835920700D7656C /* ListIcon.png in Resources */ = {isa = PBXBuildFile; fileRef = D748FAD71835920700D7656C /* ListIcon.png */; };
		D748FADA1835920700D7656C /* ListIcon@2x.png in Resources */ = {isa = PBXBuildFile; fileRef = D748FAD81835920700D7656C /* ListIcon@2x.png */; };
		D77D42AE18333A9D003BED06 /* Foundation.framework in Frameworks */ = {isa = PBXBuildFile; fileRef = D77D42AD18333A9D003BED06 /* Foundation.framework */; };
		D77D42B018333A9D003BED06 /* CoreGraphics.framework in Frameworks */ = {isa = PBXBuildFile; fileRef = D77D42AF18333A9D003BED06 /* CoreGraphics.framework */; };
		D77D42B218333A9D003BED06 /* UIKit.framework in Frameworks */ = {isa = PBXBuildFile; fileRef = D77D42B118333A9D003BED06 /* UIKit.framework */; };
		D77D42B818333A9D003BED06 /* InfoPlist.strings in Resources */ = {isa = PBXBuildFile; fileRef = D77D42B618333A9D003BED06 /* InfoPlist.strings */; };
		D77D42BA18333A9D003BED06 /* main.m in Sources */ = {isa = PBXBuildFile; fileRef = D77D42B918333A9D003BED06 /* main.m */; };
		D77D42BE18333A9D003BED06 /* AppDelegate.m in Sources */ = {isa = PBXBuildFile; fileRef = D77D42BD18333A9D003BED06 /* AppDelegate.m */; };
		D77D42C118333A9D003BED06 /* Main_iPhone.storyboard in Resources */ = {isa = PBXBuildFile; fileRef = D77D42BF18333A9D003BED06 /* Main_iPhone.storyboard */; };
		D77D42C418333A9D003BED06 /* Main_iPad.storyboard in Resources */ = {isa = PBXBuildFile; fileRef = D77D42C218333A9D003BED06 /* Main_iPad.storyboard */; };
		D77D42C718333A9D003BED06 /* ViewController.m in Sources */ = {isa = PBXBuildFile; fileRef = D77D42C618333A9D003BED06 /* ViewController.m */; };
		D77D42C918333A9D003BED06 /* Images.xcassets in Resources */ = {isa = PBXBuildFile; fileRef = D77D42C818333A9D003BED06 /* Images.xcassets */; };
		D77D42D018333A9D003BED06 /* XCTest.framework in Frameworks */ = {isa = PBXBuildFile; fileRef = D77D42CF18333A9D003BED06 /* XCTest.framework */; };
		D77D42D118333A9D003BED06 /* Foundation.framework in Frameworks */ = {isa = PBXBuildFile; fileRef = D77D42AD18333A9D003BED06 /* Foundation.framework */; };
		D77D42D218333A9D003BED06 /* UIKit.framework in Frameworks */ = {isa = PBXBuildFile; fileRef = D77D42B118333A9D003BED06 /* UIKit.framework */; };
		D77D42DA18333A9D003BED06 /* InfoPlist.strings in Resources */ = {isa = PBXBuildFile; fileRef = D77D42D818333A9D003BED06 /* InfoPlist.strings */; };
		D77D42DC18333A9D003BED06 /* ShinchokuAppTests.m in Sources */ = {isa = PBXBuildFile; fileRef = D77D42DB18333A9D003BED06 /* ShinchokuAppTests.m */; };
		D77D42E718334F0A003BED06 /* AddEventViewController.m in Sources */ = {isa = PBXBuildFile; fileRef = D77D42E618334F0A003BED06 /* AddEventViewController.m */; };
		D77D42EA18336F26003BED06 /* EventsViewController.m in Sources */ = {isa = PBXBuildFile; fileRef = D77D42E918336F26003BED06 /* EventsViewController.m */; };
		D77D42F21833E93B003BED06 /* RIButtonItem.m in Sources */ = {isa = PBXBuildFile; fileRef = D77D42ED1833E93B003BED06 /* RIButtonItem.m */; };
		D77D42F31833E93B003BED06 /* UIActionSheet+Blocks.m in Sources */ = {isa = PBXBuildFile; fileRef = D77D42EF1833E93B003BED06 /* UIActionSheet+Blocks.m */; };
		D77D42F41833E93B003BED06 /* UIAlertView+Blocks.m in Sources */ = {isa = PBXBuildFile; fileRef = D77D42F11833E93B003BED06 /* UIAlertView+Blocks.m */; };
		D77D42F618353825003BED06 /* Social.framework in Frameworks */ = {isa = PBXBuildFile; fileRef = D77D42F518353825003BED06 /* Social.framework */; };
		D77D42F918354360003BED06 /* ShinchokuViewController.m in Sources */ = {isa = PBXBuildFile; fileRef = D77D42F818354360003BED06 /* ShinchokuViewController.m */; };
/* End PBXBuildFile section */

/* Begin PBXContainerItemProxy section */
		D77D42D318333A9D003BED06 /* PBXContainerItemProxy */ = {
			isa = PBXContainerItemProxy;
			containerPortal = D77D42A218333A9D003BED06 /* Project object */;
			proxyType = 1;
			remoteGlobalIDString = D77D42A918333A9D003BED06;
			remoteInfo = ShinchokuApp;
		};
/* End PBXContainerItemProxy section */

/* Begin PBXFileReference section */
		D748FAD71835920700D7656C /* ListIcon.png */ = {isa = PBXFileReference; lastKnownFileType = image.png; path = ListIcon.png; sourceTree = "<group>"; };
		D748FAD81835920700D7656C /* ListIcon@2x.png */ = {isa = PBXFileReference; lastKnownFileType = image.png; path = "ListIcon@2x.png"; sourceTree = "<group>"; };
		D77D42AA18333A9D003BED06 /* ShinchokuApp.app */ = {isa = PBXFileReference; explicitFileType = wrapper.application; includeInIndex = 0; path = ShinchokuApp.app; sourceTree = BUILT_PRODUCTS_DIR; };
		D77D42AD18333A9D003BED06 /* Foundation.framework */ = {isa = PBXFileReference; lastKnownFileType = wrapper.framework; name = Foundation.framework; path = System/Library/Frameworks/Foundation.framework; sourceTree = SDKROOT; };
		D77D42AF18333A9D003BED06 /* CoreGraphics.framework */ = {isa = PBXFileReference; lastKnownFileType = wrapper.framework; name = CoreGraphics.framework; path = System/Library/Frameworks/CoreGraphics.framework; sourceTree = SDKROOT; };
		D77D42B118333A9D003BED06 /* UIKit.framework */ = {isa = PBXFileReference; lastKnownFileType = wrapper.framework; name = UIKit.framework; path = System/Library/Frameworks/UIKit.framework; sourceTree = SDKROOT; };
		D77D42B518333A9D003BED06 /* ShinchokuApp-Info.plist */ = {isa = PBXFileReference; lastKnownFileType = text.plist.xml; path = "ShinchokuApp-Info.plist"; sourceTree = "<group>"; };
		D77D42B718333A9D003BED06 /* en */ = {isa = PBXFileReference; lastKnownFileType = text.plist.strings; name = en; path = en.lproj/InfoPlist.strings; sourceTree = "<group>"; };
		D77D42B918333A9D003BED06 /* main.m */ = {isa = PBXFileReference; lastKnownFileType = sourcecode.c.objc; path = main.m; sourceTree = "<group>"; };
		D77D42BB18333A9D003BED06 /* ShinchokuApp-Prefix.pch */ = {isa = PBXFileReference; lastKnownFileType = sourcecode.c.h; path = "ShinchokuApp-Prefix.pch"; sourceTree = "<group>"; };
		D77D42BC18333A9D003BED06 /* AppDelegate.h */ = {isa = PBXFileReference; lastKnownFileType = sourcecode.c.h; path = AppDelegate.h; sourceTree = "<group>"; };
		D77D42BD18333A9D003BED06 /* AppDelegate.m */ = {isa = PBXFileReference; lastKnownFileType = sourcecode.c.objc; path = AppDelegate.m; sourceTree = "<group>"; };
		D77D42C018333A9D003BED06 /* Base */ = {isa = PBXFileReference; lastKnownFileType = file.storyboard; name = Base; path = Base.lproj/Main_iPhone.storyboard; sourceTree = "<group>"; };
		D77D42C318333A9D003BED06 /* Base */ = {isa = PBXFileReference; lastKnownFileType = file.storyboard; name = Base; path = Base.lproj/Main_iPad.storyboard; sourceTree = "<group>"; };
		D77D42C518333A9D003BED06 /* ViewController.h */ = {isa = PBXFileReference; lastKnownFileType = sourcecode.c.h; path = ViewController.h; sourceTree = "<group>"; };
		D77D42C618333A9D003BED06 /* ViewController.m */ = {isa = PBXFileReference; lastKnownFileType = sourcecode.c.objc; path = ViewController.m; sourceTree = "<group>"; };
		D77D42C818333A9D003BED06 /* Images.xcassets */ = {isa = PBXFileReference; lastKnownFileType = folder.assetcatalog; path = Images.xcassets; sourceTree = "<group>"; };
		D77D42CE18333A9D003BED06 /* ShinchokuAppTests.xctest */ = {isa = PBXFileReference; explicitFileType = wrapper.cfbundle; includeInIndex = 0; path = ShinchokuAppTests.xctest; sourceTree = BUILT_PRODUCTS_DIR; };
		D77D42CF18333A9D003BED06 /* XCTest.framework */ = {isa = PBXFileReference; lastKnownFileType = wrapper.framework; name = XCTest.framework; path = Library/Frameworks/XCTest.framework; sourceTree = DEVELOPER_DIR; };
		D77D42D718333A9D003BED06 /* ShinchokuAppTests-Info.plist */ = {isa = PBXFileReference; lastKnownFileType = text.plist.xml; path = "ShinchokuAppTests-Info.plist"; sourceTree = "<group>"; };
		D77D42D918333A9D003BED06 /* en */ = {isa = PBXFileReference; lastKnownFileType = text.plist.strings; name = en; path = en.lproj/InfoPlist.strings; sourceTree = "<group>"; };
		D77D42DB18333A9D003BED06 /* ShinchokuAppTests.m */ = {isa = PBXFileReference; lastKnownFileType = sourcecode.c.objc; path = ShinchokuAppTests.m; sourceTree = "<group>"; };
		D77D42E518334F0A003BED06 /* AddEventViewController.h */ = {isa = PBXFileReference; fileEncoding = 4; lastKnownFileType = sourcecode.c.h; path = AddEventViewController.h; sourceTree = "<group>"; };
		D77D42E618334F0A003BED06 /* AddEventViewController.m */ = {isa = PBXFileReference; fileEncoding = 4; lastKnownFileType = sourcecode.c.objc; path = AddEventViewController.m; sourceTree = "<group>"; };
		D77D42E818336F26003BED06 /* EventsViewController.h */ = {isa = PBXFileReference; fileEncoding = 4; lastKnownFileType = sourcecode.c.h; path = EventsViewController.h; sourceTree = "<group>"; };
		D77D42E918336F26003BED06 /* EventsViewController.m */ = {isa = PBXFileReference; fileEncoding = 4; lastKnownFileType = sourcecode.c.objc; path = EventsViewController.m; sourceTree = "<group>"; };
		D77D42EC1833E93B003BED06 /* RIButtonItem.h */ = {isa = PBXFileReference; fileEncoding = 4; lastKnownFileType = sourcecode.c.h; path = RIButtonItem.h; sourceTree = "<group>"; };
		D77D42ED1833E93B003BED06 /* RIButtonItem.m */ = {isa = PBXFileReference; fileEncoding = 4; lastKnownFileType = sourcecode.c.objc; path = RIButtonItem.m; sourceTree = "<group>"; };
		D77D42EE1833E93B003BED06 /* UIActionSheet+Blocks.h */ = {isa = PBXFileReference; fileEncoding = 4; lastKnownFileType = sourcecode.c.h; path = "UIActionSheet+Blocks.h"; sourceTree = "<group>"; };
		D77D42EF1833E93B003BED06 /* UIActionSheet+Blocks.m */ = {isa = PBXFileReference; fileEncoding = 4; lastKnownFileType = sourcecode.c.objc; path = "UIActionSheet+Blocks.m"; sourceTree = "<group>"; };
		D77D42F01833E93B003BED06 /* UIAlertView+Blocks.h */ = {isa = PBXFileReference; fileEncoding = 4; lastKnownFileType = sourcecode.c.h; path = "UIAlertView+Blocks.h"; sourceTree = "<group>"; };
		D77D42F11833E93B003BED06 /* UIAlertView+Blocks.m */ = {isa = PBXFileReference; fileEncoding = 4; lastKnownFileType = sourcecode.c.objc; path = "UIAlertView+Blocks.m"; sourceTree = "<group>"; };
		D77D42F518353825003BED06 /* Social.framework */ = {isa = PBXFileReference; lastKnownFileType = wrapper.framework; name = Social.framework; path = System/Library/Frameworks/Social.framework; sourceTree = SDKROOT; };
		D77D42F718354360003BED06 /* ShinchokuViewController.h */ = {isa = PBXFileReference; fileEncoding = 4; lastKnownFileType = sourcecode.c.h; path = ShinchokuViewController.h; sourceTree = "<group>"; };
		D77D42F818354360003BED06 /* ShinchokuViewController.m */ = {isa = PBXFileReference; fileEncoding = 4; lastKnownFileType = sourcecode.c.objc; path = ShinchokuViewController.m; sourceTree = "<group>"; };
/* End PBXFileReference section */

/* Begin PBXFrameworksBuildPhase section */
		D77D42A718333A9D003BED06 /* Frameworks */ = {
			isa = PBXFrameworksBuildPhase;
			buildActionMask = 2147483647;
			files = (
				D77D42F618353825003BED06 /* Social.framework in Frameworks */,
				D77D42B018333A9D003BED06 /* CoreGraphics.framework in Frameworks */,
				D77D42B218333A9D003BED06 /* UIKit.framework in Frameworks */,
				D77D42AE18333A9D003BED06 /* Foundation.framework in Frameworks */,
			);
			runOnlyForDeploymentPostprocessing = 0;
		};
		D77D42CB18333A9D003BED06 /* Frameworks */ = {
			isa = PBXFrameworksBuildPhase;
			buildActionMask = 2147483647;
			files = (
				D77D42D018333A9D003BED06 /* XCTest.framework in Frameworks */,
				D77D42D218333A9D003BED06 /* UIKit.framework in Frameworks */,
				D77D42D118333A9D003BED06 /* Foundation.framework in Frameworks */,
			);
			runOnlyForDeploymentPostprocessing = 0;
		};
/* End PBXFrameworksBuildPhase section */

/* Begin PBXGroup section */
		D748FAD61835920700D7656C /* Img */ = {
			isa = PBXGroup;
			children = (
				D748FAD71835920700D7656C /* ListIcon.png */,
				D748FAD81835920700D7656C /* ListIcon@2x.png */,
			);
			path = Img;
			sourceTree = "<group>";
		};
		D77D42A118333A9D003BED06 = {
			isa = PBXGroup;
			children = (
				D748FAD61835920700D7656C /* Img */,
				D77D42EB1833E93B003BED06 /* UIAlertView-Blocks */,
				D77D42B318333A9D003BED06 /* ShinchokuApp */,
				D77D42D518333A9D003BED06 /* ShinchokuAppTests */,
				D77D42AC18333A9D003BED06 /* Frameworks */,
				D77D42AB18333A9D003BED06 /* Products */,
			);
			sourceTree = "<group>";
		};
		D77D42AB18333A9D003BED06 /* Products */ = {
			isa = PBXGroup;
			children = (
				D77D42AA18333A9D003BED06 /* ShinchokuApp.app */,
				D77D42CE18333A9D003BED06 /* ShinchokuAppTests.xctest */,
			);
			name = Products;
			sourceTree = "<group>";
		};
		D77D42AC18333A9D003BED06 /* Frameworks */ = {
			isa = PBXGroup;
			children = (
				D77D42F518353825003BED06 /* Social.framework */,
				D77D42AD18333A9D003BED06 /* Foundation.framework */,
				D77D42AF18333A9D003BED06 /* CoreGraphics.framework */,
				D77D42B118333A9D003BED06 /* UIKit.framework */,
				D77D42CF18333A9D003BED06 /* XCTest.framework */,
			);
			name = Frameworks;
			sourceTree = "<group>";
		};
		D77D42B318333A9D003BED06 /* ShinchokuApp */ = {
			isa = PBXGroup;
			children = (
				D77D42BC18333A9D003BED06 /* AppDelegate.h */,
				D77D42BD18333A9D003BED06 /* AppDelegate.m */,
				D77D42BF18333A9D003BED06 /* Main_iPhone.storyboard */,
				D77D42C218333A9D003BED06 /* Main_iPad.storyboard */,
				D77D42C518333A9D003BED06 /* ViewController.h */,
				D77D42C618333A9D003BED06 /* ViewController.m */,
				D77D42E518334F0A003BED06 /* AddEventViewController.h */,
				D77D42E618334F0A003BED06 /* AddEventViewController.m */,
				D77D42E818336F26003BED06 /* EventsViewController.h */,
				D77D42E918336F26003BED06 /* EventsViewController.m */,
				D77D42F718354360003BED06 /* ShinchokuViewController.h */,
				D77D42F818354360003BED06 /* ShinchokuViewController.m */,
				D77D42C818333A9D003BED06 /* Images.xcassets */,
				D77D42B418333A9D003BED06 /* Supporting Files */,
			);
			path = ShinchokuApp;
			sourceTree = "<group>";
		};
		D77D42B418333A9D003BED06 /* Supporting Files */ = {
			isa = PBXGroup;
			children = (
				D77D42B518333A9D003BED06 /* ShinchokuApp-Info.plist */,
				D77D42B618333A9D003BED06 /* InfoPlist.strings */,
				D77D42B918333A9D003BED06 /* main.m */,
				D77D42BB18333A9D003BED06 /* ShinchokuApp-Prefix.pch */,
			);
			name = "Supporting Files";
			sourceTree = "<group>";
		};
		D77D42D518333A9D003BED06 /* ShinchokuAppTests */ = {
			isa = PBXGroup;
			children = (
				D77D42DB18333A9D003BED06 /* ShinchokuAppTests.m */,
				D77D42D618333A9D003BED06 /* Supporting Files */,
			);
			path = ShinchokuAppTests;
			sourceTree = "<group>";
		};
		D77D42D618333A9D003BED06 /* Supporting Files */ = {
			isa = PBXGroup;
			children = (
				D77D42D718333A9D003BED06 /* ShinchokuAppTests-Info.plist */,
				D77D42D818333A9D003BED06 /* InfoPlist.strings */,
			);
			name = "Supporting Files";
			sourceTree = "<group>";
		};
		D77D42EB1833E93B003BED06 /* UIAlertView-Blocks */ = {
			isa = PBXGroup;
			children = (
				D77D42EC1833E93B003BED06 /* RIButtonItem.h */,
				D77D42ED1833E93B003BED06 /* RIButtonItem.m */,
				D77D42EE1833E93B003BED06 /* UIActionSheet+Blocks.h */,
				D77D42EF1833E93B003BED06 /* UIActionSheet+Blocks.m */,
				D77D42F01833E93B003BED06 /* UIAlertView+Blocks.h */,
				D77D42F11833E93B003BED06 /* UIAlertView+Blocks.m */,
			);
			path = "UIAlertView-Blocks";
			sourceTree = "<group>";
		};
/* End PBXGroup section */

/* Begin PBXNativeTarget section */
		D77D42A918333A9D003BED06 /* ShinchokuApp */ = {
			isa = PBXNativeTarget;
			buildConfigurationList = D77D42DF18333A9D003BED06 /* Build configuration list for PBXNativeTarget "ShinchokuApp" */;
			buildPhases = (
				D77D42A618333A9D003BED06 /* Sources */,
				D77D42A718333A9D003BED06 /* Frameworks */,
				D77D42A818333A9D003BED06 /* Resources */,
			);
			buildRules = (
			);
			dependencies = (
			);
			name = ShinchokuApp;
			productName = ShinchokuApp;
			productReference = D77D42AA18333A9D003BED06 /* ShinchokuApp.app */;
			productType = "com.apple.product-type.application";
		};
		D77D42CD18333A9D003BED06 /* ShinchokuAppTests */ = {
			isa = PBXNativeTarget;
			buildConfigurationList = D77D42E218333A9D003BED06 /* Build configuration list for PBXNativeTarget "ShinchokuAppTests" */;
			buildPhases = (
				D77D42CA18333A9D003BED06 /* Sources */,
				D77D42CB18333A9D003BED06 /* Frameworks */,
				D77D42CC18333A9D003BED06 /* Resources */,
			);
			buildRules = (
			);
			dependencies = (
				D77D42D418333A9D003BED06 /* PBXTargetDependency */,
			);
			name = ShinchokuAppTests;
			productName = ShinchokuAppTests;
			productReference = D77D42CE18333A9D003BED06 /* ShinchokuAppTests.xctest */;
			productType = "com.apple.product-type.bundle.unit-test";
		};
/* End PBXNativeTarget section */

/* Begin PBXProject section */
		D77D42A218333A9D003BED06 /* Project object */ = {
			isa = PBXProject;
			attributes = {
				LastUpgradeCheck = 0500;
				ORGANIZATIONNAME = "ICHIHARA DAICHI";
				TargetAttributes = {
					D77D42A918333A9D003BED06 = {
						SystemCapabilities = {
							com.apple.BackgroundModes = {
								enabled = 1;
							};
						};
					};
					D77D42CD18333A9D003BED06 = {
						TestTargetID = D77D42A918333A9D003BED06;
					};
				};
			};
			buildConfigurationList = D77D42A518333A9D003BED06 /* Build configuration list for PBXProject "ShinchokuApp" */;
			compatibilityVersion = "Xcode 3.2";
			developmentRegion = English;
			hasScannedForEncodings = 0;
			knownRegions = (
				en,
				Base,
			);
			mainGroup = D77D42A118333A9D003BED06;
			productRefGroup = D77D42AB18333A9D003BED06 /* Products */;
			projectDirPath = "";
			projectRoot = "";
			targets = (
				D77D42A918333A9D003BED06 /* ShinchokuApp */,
				D77D42CD18333A9D003BED06 /* ShinchokuAppTests */,
			);
		};
/* End PBXProject section */

/* Begin PBXResourcesBuildPhase section */
		D77D42A818333A9D003BED06 /* Resources */ = {
			isa = PBXResourcesBuildPhase;
			buildActionMask = 2147483647;
			files = (
				D77D42C418333A9D003BED06 /* Main_iPad.storyboard in Resources */,
				D77D42C918333A9D003BED06 /* Images.xcassets in Resources */,
				D77D42C118333A9D003BED06 /* Main_iPhone.storyboard in Resources */,
				D77D42B818333A9D003BED06 /* InfoPlist.strings in Resources */,
				D748FAD91835920700D7656C /* ListIcon.png in Resources */,
				D748FADA1835920700D7656C /* ListIcon@2x.png in Resources */,
			);
			runOnlyForDeploymentPostprocessing = 0;
		};
		D77D42CC18333A9D003BED06 /* Resources */ = {
			isa = PBXResourcesBuildPhase;
			buildActionMask = 2147483647;
			files = (
				D77D42DA18333A9D003BED06 /* InfoPlist.strings in Resources */,
			);
			runOnlyForDeploymentPostprocessing = 0;
		};
/* End PBXResourcesBuildPhase section */

/* Begin PBXSourcesBuildPhase section */
		D77D42A618333A9D003BED06 /* Sources */ = {
			isa = PBXSourcesBuildPhase;
			buildActionMask = 2147483647;
			files = (
				D77D42C718333A9D003BED06 /* ViewController.m in Sources */,
				D77D42F41833E93B003BED06 /* UIAlertView+Blocks.m in Sources */,
				D77D42F31833E93B003BED06 /* UIActionSheet+Blocks.m in Sources */,
				D77D42EA18336F26003BED06 /* EventsViewController.m in Sources */,
				D77D42E718334F0A003BED06 /* AddEventViewController.m in Sources */,
				D77D42F918354360003BED06 /* ShinchokuViewController.m in Sources */,
				D77D42F21833E93B003BED06 /* RIButtonItem.m in Sources */,
				D77D42BE18333A9D003BED06 /* AppDelegate.m in Sources */,
				D77D42BA18333A9D003BED06 /* main.m in Sources */,
			);
			runOnlyForDeploymentPostprocessing = 0;
		};
		D77D42CA18333A9D003BED06 /* Sources */ = {
			isa = PBXSourcesBuildPhase;
			buildActionMask = 2147483647;
			files = (
				D77D42DC18333A9D003BED06 /* ShinchokuAppTests.m in Sources */,
			);
			runOnlyForDeploymentPostprocessing = 0;
		};
/* End PBXSourcesBuildPhase section */

/* Begin PBXTargetDependency section */
		D77D42D418333A9D003BED06 /* PBXTargetDependency */ = {
			isa = PBXTargetDependency;
			target = D77D42A918333A9D003BED06 /* ShinchokuApp */;
			targetProxy = D77D42D318333A9D003BED06 /* PBXContainerItemProxy */;
		};
/* End PBXTargetDependency section */

/* Begin PBXVariantGroup section */
		D77D42B618333A9D003BED06 /* InfoPlist.strings */ = {
			isa = PBXVariantGroup;
			children = (
				D77D42B718333A9D003BED06 /* en */,
			);
			name = InfoPlist.strings;
			sourceTree = "<group>";
		};
		D77D42BF18333A9D003BED06 /* Main_iPhone.storyboard */ = {
			isa = PBXVariantGroup;
			children = (
				D77D42C018333A9D003BED06 /* Base */,
			);
			name = Main_iPhone.storyboard;
			sourceTree = "<group>";
		};
		D77D42C218333A9D003BED06 /* Main_iPad.storyboard */ = {
			isa = PBXVariantGroup;
			children = (
				D77D42C318333A9D003BED06 /* Base */,
			);
			name = Main_iPad.storyboard;
			sourceTree = "<group>";
		};
		D77D42D818333A9D003BED06 /* InfoPlist.strings */ = {
			isa = PBXVariantGroup;
			children = (
				D77D42D918333A9D003BED06 /* en */,
			);
			name = InfoPlist.strings;
			sourceTree = "<group>";
		};
/* End PBXVariantGroup section */

/* Begin XCBuildConfiguration section */
		D77D42DD18333A9D003BED06 /* Debug */ = {
			isa = XCBuildConfiguration;
			buildSettings = {
				ALWAYS_SEARCH_USER_PATHS = NO;
				ARCHS = "$(ARCHS_STANDARD_INCLUDING_64_BIT)";
				CLANG_CXX_LANGUAGE_STANDARD = "gnu++0x";
				CLANG_CXX_LIBRARY = "libc++";
				CLANG_ENABLE_MODULES = YES;
				CLANG_ENABLE_OBJC_ARC = YES;
				CLANG_WARN_BOOL_CONVERSION = YES;
				CLANG_WARN_CONSTANT_CONVERSION = YES;
				CLANG_WARN_DIRECT_OBJC_ISA_USAGE = YES_ERROR;
				CLANG_WARN_EMPTY_BODY = YES;
				CLANG_WARN_ENUM_CONVERSION = YES;
				CLANG_WARN_INT_CONVERSION = YES;
				CLANG_WARN_OBJC_ROOT_CLASS = YES_ERROR;
				CLANG_WARN__DUPLICATE_METHOD_MATCH = YES;
				"CODE_SIGN_IDENTITY[sdk=iphoneos*]" = "iPhone Developer";
				COPY_PHASE_STRIP = NO;
				GCC_C_LANGUAGE_STANDARD = gnu99;
				GCC_DYNAMIC_NO_PIC = NO;
				GCC_OPTIMIZATION_LEVEL = 0;
				GCC_PREPROCESSOR_DEFINITIONS = (
					"DEBUG=1",
					"$(inherited)",
				);
				GCC_SYMBOLS_PRIVATE_EXTERN = NO;
				GCC_WARN_64_TO_32_BIT_CONVERSION = YES;
				GCC_WARN_ABOUT_RETURN_TYPE = YES_ERROR;
				GCC_WARN_UNDECLARED_SELECTOR = YES;
				GCC_WARN_UNINITIALIZED_AUTOS = YES;
				GCC_WARN_UNUSED_FUNCTION = YES;
				GCC_WARN_UNUSED_VARIABLE = YES;
				IPHONEOS_DEPLOYMENT_TARGET = 7.0;
				ONLY_ACTIVE_ARCH = YES;
				SDKROOT = iphoneos;
				TARGETED_DEVICE_FAMILY = "1,2";
			};
			name = Debug;
		};
		D77D42DE18333A9D003BED06 /* Release */ = {
			isa = XCBuildConfiguration;
			buildSettings = {
				ALWAYS_SEARCH_USER_PATHS = NO;
				ARCHS = "$(ARCHS_STANDARD_INCLUDING_64_BIT)";
				CLANG_CXX_LANGUAGE_STANDARD = "gnu++0x";
				CLANG_CXX_LIBRARY = "libc++";
				CLANG_ENABLE_MODULES = YES;
				CLANG_ENABLE_OBJC_ARC = YES;
				CLANG_WARN_BOOL_CONVERSION = YES;
				CLANG_WARN_CONSTANT_CONVERSION = YES;
				CLANG_WARN_DIRECT_OBJC_ISA_USAGE = YES_ERROR;
				CLANG_WARN_EMPTY_BODY = YES;
				CLANG_WARN_ENUM_CONVERSION = YES;
				CLANG_WARN_INT_CONVERSION = YES;
				CLANG_WARN_OBJC_ROOT_CLASS = YES_ERROR;
				CLANG_WARN__DUPLICATE_METHOD_MATCH = YES;
				"CODE_SIGN_IDENTITY[sdk=iphoneos*]" = "iPhone Developer";
				COPY_PHASE_STRIP = YES;
				ENABLE_NS_ASSERTIONS = NO;
				GCC_C_LANGUAGE_STANDARD = gnu99;
				GCC_WARN_64_TO_32_BIT_CONVERSION = YES;
				GCC_WARN_ABOUT_RETURN_TYPE = YES_ERROR;
				GCC_WARN_UNDECLARED_SELECTOR = YES;
				GCC_WARN_UNINITIALIZED_AUTOS = YES;
				GCC_WARN_UNUSED_FUNCTION = YES;
				GCC_WARN_UNUSED_VARIABLE = YES;
				IPHONEOS_DEPLOYMENT_TARGET = 7.0;
				SDKROOT = iphoneos;
				TARGETED_DEVICE_FAMILY = "1,2";
				VALIDATE_PRODUCT = YES;
			};
			name = Release;
		};
		D77D42E018333A9D003BED06 /* Debug */ = {
			isa = XCBuildConfiguration;
			buildSettings = {
				ASSETCATALOG_COMPILER_APPICON_NAME = AppIcon;
				ASSETCATALOG_COMPILER_LAUNCHIMAGE_NAME = LaunchImage;
				GCC_PRECOMPILE_PREFIX_HEADER = YES;
				GCC_PREFIX_HEADER = "ShinchokuApp/ShinchokuApp-Prefix.pch";
				INFOPLIST_FILE = "ShinchokuApp/ShinchokuApp-Info.plist";
				IPHONEOS_DEPLOYMENT_TARGET = 7.0;
				PRODUCT_NAME = "$(TARGET_NAME)";
				WRAPPER_EXTENSION = app;
			};
			name = Debug;
		};
		D77D42E118333A9D003BED06 /* Release */ = {
			isa = XCBuildConfiguration;
			buildSettings = {
				ASSETCATALOG_COMPILER_APPICON_NAME = AppIcon;
				ASSETCATALOG_COMPILER_LAUNCHIMAGE_NAME = LaunchImage;
				GCC_PRECOMPILE_PREFIX_HEADER = YES;
				GCC_PREFIX_HEADER = "ShinchokuApp/ShinchokuApp-Prefix.pch";
				INFOPLIST_FILE = "ShinchokuApp/ShinchokuApp-Info.plist";
				IPHONEOS_DEPLOYMENT_TARGET = 7.0;
				PRODUCT_NAME = "$(TARGET_NAME)";
				WRAPPER_EXTENSION = app;
			};
			name = Release;
		};
		D77D42E318333A9D003BED06 /* Debug */ = {
			isa = XCBuildConfiguration;
			buildSettings = {
				ARCHS = "$(ARCHS_STANDARD_INCLUDING_64_BIT)";
				BUNDLE_LOADER = "$(BUILT_PRODUCTS_DIR)/ShinchokuApp.app/ShinchokuApp";
				FRAMEWORK_SEARCH_PATHS = (
					"$(SDKROOT)/Developer/Library/Frameworks",
					"$(inherited)",
					"$(DEVELOPER_FRAMEWORKS_DIR)",
				);
				GCC_PRECOMPILE_PREFIX_HEADER = YES;
				GCC_PREFIX_HEADER = "ShinchokuApp/ShinchokuApp-Prefix.pch";
				GCC_PREPROCESSOR_DEFINITIONS = (
					"DEBUG=1",
					"$(inherited)",
				);
				INFOPLIST_FILE = "ShinchokuAppTests/ShinchokuAppTests-Info.plist";
				PRODUCT_NAME = "$(TARGET_NAME)";
				TEST_HOST = "$(BUNDLE_LOADER)";
				WRAPPER_EXTENSION = xctest;
			};
			name = Debug;
		};
		D77D42E418333A9D003BED06 /* Release */ = {
			isa = XCBuildConfiguration;
			buildSettings = {
				ARCHS = "$(ARCHS_STANDARD_INCLUDING_64_BIT)";
				BUNDLE_LOADER = "$(BUILT_PRODUCTS_DIR)/ShinchokuApp.app/ShinchokuApp";
				FRAMEWORK_SEARCH_PATHS = (
					"$(SDKROOT)/Developer/Library/Frameworks",
					"$(inherited)",
					"$(DEVELOPER_FRAMEWORKS_DIR)",
				);
				GCC_PRECOMPILE_PREFIX_HEADER = YES;
				GCC_PREFIX_HEADER = "ShinchokuApp/ShinchokuApp-Prefix.pch";
				INFOPLIST_FILE = "ShinchokuAppTests/ShinchokuAppTests-Info.plist";
				PRODUCT_NAME = "$(TARGET_NAME)";
				TEST_HOST = "$(BUNDLE_LOADER)";
				WRAPPER_EXTENSION = xctest;
			};
			name = Release;
		};
/* End XCBuildConfiguration section */

/* Begin XCConfigurationList section */
		D77D42A518333A9D003BED06 /* Build configuration list for PBXProject "ShinchokuApp" */ = {
			isa = XCConfigurationList;
			buildConfigurations = (
				D77D42DD18333A9D003BED06 /* Debug */,
				D77D42DE18333A9D003BED06 /* Release */,
			);
			defaultConfigurationIsVisible = 0;
			defaultConfigurationName = Release;
		};
		D77D42DF18333A9D003BED06 /* Build configuration list for PBXNativeTarget "ShinchokuApp" */ = {
			isa = XCConfigurationList;
			buildConfigurations = (
				D77D42E018333A9D003BED06 /* Debug */,
				D77D42E118333A9D003BED06 /* Release */,
			);
			defaultConfigurationIsVisible = 0;
			defaultConfigurationName = Release;
		};
		D77D42E218333A9D003BED06 /* Build configuration list for PBXNativeTarget "ShinchokuAppTests" */ = {
			isa = XCConfigurationList;
			buildConfigurations = (
				D77D42E318333A9D003BED06 /* Debug */,
				D77D42E418333A9D003BED06 /* Release */,
			);
			defaultConfigurationIsVisible = 0;
			defaultConfigurationName = Release;
		};
/* End XCConfigurationList section */
	};
	rootObject = D77D42A218333A9D003BED06 /* Project object */;
}
